
Microsoft Visual Studio Solution File, Format Version 12.00
# Visual Studio Version 17
VisualStudioVersion = 17.14.36915.13 d17.14
MinimumVisualStudioVersion = 10.0.40219.1
Project("{FAE04EC0-301F-11D3-BF4B-00C04F79EFBC}") = "HalalWatch.API", "HalalWatch.API\HalalWatch.API.csproj", "{BCD6EEB9-0038-4B31-A764-6A8983E389A5}"
EndProject
Global
	GlobalSection(SolutionConfigurationPlatforms) = preSolution
		Debug|Any CPU = Debug|Any CPU
		Release|Any CPU = Release|Any CPU
	EndGlobalSection
	GlobalSection(ProjectConfigurationPlatforms) = postSolution
		{BCD6EEB9-0038-4B31-A764-6A8983E389A5}.Debug|Any CPU.ActiveCfg = Debug|Any CPU
		{BCD6EEB9-0038-4B31-A764-6A8983E389A5}.Debug|Any CPU.Build.0 = Debug|Any CPU
		{BCD6EEB9-0038-4B31-A764-6A8983E389A5}.Release|Any CPU.ActiveCfg = Release|Any CPU
		{BCD6EEB9-0038-4B31-A764-6A8983E389A5}.Release|Any CPU.Build.0 = Release|Any CPU
	EndGlobalSection
	GlobalSection(SolutionProperties) = preSolution
		HideSolutionNode = FALSE
	EndGlobalSection
	GlobalSection(ExtensibilityGlobals) = postSolution
		SolutionGuid = {CBB668EA-6050-45B6-9BF5-27220BC21779}
	EndGlobalSection
EndGlobal
